
Microsoft Visual Studio Solution File, Format Version 12.00
# Visual Studio 15
VisualStudioVersion = 15.0.27703.2000
MinimumVisualStudioVersion = 10.0.40219.1
Project("{FAE04EC0-301F-11D3-BF4B-00C04F79EFBC}") = "MaskedEntrySample.Android", "MaskedEntrySample\MaskedEntrySample.Android\MaskedEntrySample.Android.csproj", "{B34272A2-F4C5-43A4-B9C1-5548CF3B7510}"
EndProject
Project("{FAE04EC0-301F-11D3-BF4B-00C04F79EFBC}") = "MaskedEntrySample.iOS", "MaskedEntrySample\MaskedEntrySample.iOS\MaskedEntrySample.iOS.csproj", "{AC7C12C3-76A8-487F-9866-0FA5DFF0AE1E}"
EndProject
Project("{9A19103F-16F7-4668-BE54-9A1E7A4F7556}") = "MaskedEntrySample", "MaskedEntrySample\MaskedEntrySample\MaskedEntrySample.csproj", "{BE372AB1-7BF5-4793-A1F0-78AF9C2A2DF5}"
EndProject
Project("{FAE04EC0-301F-11D3-BF4B-00C04F79EFBC}") = "Xamarin.Forms.MaskedEntry", "Xamarin.Forms.MaskedEntry\Xamarin.Forms.MaskedEntry.csproj", "{D3DBF0C8-F26F-46B5-8DFA-03E5CBA17202}"
EndProject
Global
	GlobalSection(SolutionConfigurationPlatforms) = preSolution
		Ad-Hoc|Any CPU = Ad-Hoc|Any CPU
		Ad-Hoc|ARM = Ad-Hoc|ARM
		Ad-Hoc|iPhone = Ad-Hoc|iPhone
		Ad-Hoc|iPhoneSimulator = Ad-Hoc|iPhoneSimulator
		Ad-Hoc|x64 = Ad-Hoc|x64
		Ad-Hoc|x86 = Ad-Hoc|x86
		AppStore|Any CPU = AppStore|Any CPU
		AppStore|ARM = AppStore|ARM
		AppStore|iPhone = AppStore|iPhone
		AppStore|iPhoneSimulator = AppStore|iPhoneSimulator
		AppStore|x64 = AppStore|x64
		AppStore|x86 = AppStore|x86
		Debug|Any CPU = Debug|Any CPU
		Debug|ARM = Debug|ARM
		Debug|iPhone = Debug|iPhone
		Debug|iPhoneSimulator = Debug|iPhoneSimulator
		Debug|x64 = Debug|x64
		Debug|x86 = Debug|x86
		Release|Any CPU = Release|Any CPU
		Release|ARM = Release|ARM
		Release|iPhone = Release|iPhone
		Release|iPhoneSimulator = Release|iPhoneSimulator
		Release|x64 = Release|x64
		Release|x86 = Release|x86
	EndGlobalSection
	GlobalSection(ProjectConfigurationPlatforms) = postSolution
		{B34272A2-F4C5-43A4-B9C1-5548CF3B7510}.Ad-Hoc|Any CPU.ActiveCfg = Release|Any CPU
		{B34272A2-F4C5-43A4-B9C1-5548CF3B7510}.Ad-Hoc|Any CPU.Build.0 = Release|Any CPU
		{B34272A2-F4C5-43A4-B9C1-5548CF3B7510}.Ad-Hoc|Any CPU.Deploy.0 = Release|Any CPU
		{B34272A2-F4C5-43A4-B9C1-5548CF3B7510}.Ad-Hoc|ARM.ActiveCfg = Release|Any CPU
		{B34272A2-F4C5-43A4-B9C1-5548CF3B7510}.Ad-Hoc|ARM.Build.0 = Release|Any CPU
		{B34272A2-F4C5-43A4-B9C1-5548CF3B7510}.Ad-Hoc|ARM.Deploy.0 = Release|Any CPU
		{B34272A2-F4C5-43A4-B9C1-5548CF3B7510}.Ad-Hoc|iPhone.ActiveCfg = Release|Any CPU
		{B34272A2-F4C5-43A4-B9C1-5548CF3B7510}.Ad-Hoc|iPhone.Build.0 = Release|Any CPU
		{B34272A2-F4C5-43A4-B9C1-5548CF3B7510}.Ad-Hoc|iPhone.Deploy.0 = Release|Any CPU
		{B34272A2-F4C5-43A4-B9C1-5548CF3B7510}.Ad-Hoc|iPhoneSimulator.ActiveCfg = Release|Any CPU
		{B34272A2-F4C5-43A4-B9C1-5548CF3B7510}.Ad-Hoc|iPhoneSimulator.Build.0 = Release|Any CPU
		{B34272A2-F4C5-43A4-B9C1-5548CF3B7510}.Ad-Hoc|iPhoneSimulator.Deploy.0 = Release|Any CPU
		{B34272A2-F4C5-43A4-B9C1-5548CF3B7510}.Ad-Hoc|x64.ActiveCfg = Release|Any CPU
		{B34272A2-F4C5-43A4-B9C1-5548CF3B7510}.Ad-Hoc|x64.Build.0 = Release|Any CPU
		{B34272A2-F4C5-43A4-B9C1-5548CF3B7510}.Ad-Hoc|x64.Deploy.0 = Release|Any CPU
		{B34272A2-F4C5-43A4-B9C1-5548CF3B7510}.Ad-Hoc|x86.ActiveCfg = Release|Any CPU
		{B34272A2-F4C5-43A4-B9C1-5548CF3B7510}.Ad-Hoc|x86.Build.0 = Release|Any CPU
		{B34272A2-F4C5-43A4-B9C1-5548CF3B7510}.Ad-Hoc|x86.Deploy.0 = Release|Any CPU
		{B34272A2-F4C5-43A4-B9C1-5548CF3B7510}.AppStore|Any CPU.ActiveCfg = Release|Any CPU
		{B34272A2-F4C5-43A4-B9C1-5548CF3B7510}.AppStore|Any CPU.Build.0 = Release|Any CPU
		{B34272A2-F4C5-43A4-B9C1-5548CF3B7510}.AppStore|Any CPU.Deploy.0 = Release|Any CPU
		{B34272A2-F4C5-43A4-B9C1-5548CF3B7510}.AppStore|ARM.ActiveCfg = Release|Any CPU
		{B34272A2-F4C5-43A4-B9C1-5548CF3B7510}.AppStore|ARM.Build.0 = Release|Any CPU
		{B34272A2-F4C5-43A4-B9C1-5548CF3B7510}.AppStore|ARM.Deploy.0 = Release|Any CPU
		{B34272A2-F4C5-43A4-B9C1-5548CF3B7510}.AppStore|iPhone.ActiveCfg = Release|Any CPU
		{B34272A2-F4C5-43A4-B9C1-5548CF3B7510}.AppStore|iPhone.Build.0 = Release|Any CPU
		{B34272A2-F4C5-43A4-B9C1-5548CF3B7510}.AppStore|iPhone.Deploy.0 = Release|Any CPU
		{B34272A2-F4C5-43A4-B9C1-5548CF3B7510}.AppStore|iPhoneSimulator.ActiveCfg = Release|Any CPU
		{B34272A2-F4C5-43A4-B9C1-5548CF3B7510}.AppStore|iPhoneSimulator.Build.0 = Release|Any CPU
		{B34272A2-F4C5-43A4-B9C1-5548CF3B7510}.AppStore|iPhoneSimulator.Deploy.0 = Release|Any CPU
		{B34272A2-F4C5-43A4-B9C1-5548CF3B7510}.AppStore|x64.ActiveCfg = Release|Any CPU
		{B34272A2-F4C5-43A4-B9C1-5548CF3B7510}.AppStore|x64.Build.0 = Release|Any CPU
		{B34272A2-F4C5-43A4-B9C1-5548CF3B7510}.AppStore|x64.Deploy.0 = Release|Any CPU
		{B34272A2-F4C5-43A4-B9C1-5548CF3B7510}.AppStore|x86.ActiveCfg = Release|Any CPU
		{B34272A2-F4C5-43A4-B9C1-5548CF3B7510}.AppStore|x86.Build.0 = Release|Any CPU
		{B34272A2-F4C5-43A4-B9C1-5548CF3B7510}.AppStore|x86.Deploy.0 = Release|Any CPU
		{B34272A2-F4C5-43A4-B9C1-5548CF3B7510}.Debug|Any CPU.ActiveCfg = Debug|Any CPU
		{B34272A2-F4C5-43A4-B9C1-5548CF3B7510}.Debug|Any CPU.Build.0 = Debug|Any CPU
		{B34272A2-F4C5-43A4-B9C1-5548CF3B7510}.Debug|Any CPU.Deploy.0 = Debug|Any CPU
		{B34272A2-F4C5-43A4-B9C1-5548CF3B7510}.Debug|ARM.ActiveCfg = Debug|Any CPU
		{B34272A2-F4C5-43A4-B9C1-5548CF3B7510}.Debug|ARM.Build.0 = Debug|Any CPU
		{B34272A2-F4C5-43A4-B9C1-5548CF3B7510}.Debug|ARM.Deploy.0 = Debug|Any CPU
		{B34272A2-F4C5-43A4-B9C1-5548CF3B7510}.Debug|iPhone.ActiveCfg = Debug|Any CPU
		{B34272A2-F4C5-43A4-B9C1-5548CF3B7510}.Debug|iPhone.Build.0 = Debug|Any CPU
		{B34272A2-F4C5-43A4-B9C1-5548CF3B7510}.Debug|iPhone.Deploy.0 = Debug|Any CPU
		{B34272A2-F4C5-43A4-B9C1-5548CF3B7510}.Debug|iPhoneSimulator.ActiveCfg = Debug|Any CPU
		{B34272A2-F4C5-43A4-B9C1-5548CF3B7510}.Debug|iPhoneSimulator.Build.0 = Debug|Any CPU
		{B34272A2-F4C5-43A4-B9C1-5548CF3B7510}.Debug|iPhoneSimulator.Deploy.0 = Debug|Any CPU
		{B34272A2-F4C5-43A4-B9C1-5548CF3B7510}.Debug|x64.ActiveCfg = Debug|Any CPU
		{B34272A2-F4C5-43A4-B9C1-5548CF3B7510}.Debug|x64.Build.0 = Debug|Any CPU
		{B34272A2-F4C5-43A4-B9C1-5548CF3B7510}.Debug|x64.Deploy.0 = Debug|Any CPU
		{B34272A2-F4C5-43A4-B9C1-5548CF3B7510}.Debug|x86.ActiveCfg = Debug|Any CPU
		{B34272A2-F4C5-43A4-B9C1-5548CF3B7510}.Debug|x86.Build.0 = Debug|Any CPU
		{B34272A2-F4C5-43A4-B9C1-5548CF3B7510}.Debug|x86.Deploy.0 = Debug|Any CPU
		{B34272A2-F4C5-43A4-B9C1-5548CF3B7510}.Release|Any CPU.ActiveCfg = Release|Any CPU
		{B34272A2-F4C5-43A4-B9C1-5548CF3B7510}.Release|Any CPU.Build.0 = Release|Any CPU
		{B34272A2-F4C5-43A4-B9C1-5548CF3B7510}.Release|Any CPU.Deploy.0 = Release|Any CPU
		{B34272A2-F4C5-43A4-B9C1-5548CF3B7510}.Release|ARM.ActiveCfg = Release|Any CPU
		{B34272A2-F4C5-43A4-B9C1-5548CF3B7510}.Release|ARM.Build.0 = Release|Any CPU
		{B34272A2-F4C5-43A4-B9C1-5548CF3B7510}.Release|ARM.Deploy.0 = Release|Any CPU
		{B34272A2-F4C5-43A4-B9C1-5548CF3B7510}.Release|iPhone.ActiveCfg = Release|Any CPU
		{B34272A2-F4C5-43A4-B9C1-5548CF3B7510}.Release|iPhone.Build.0 = Release|Any CPU
		{B34272A2-F4C5-43A4-B9C1-5548CF3B7510}.Release|iPhone.Deploy.0 = Release|Any CPU
		{B34272A2-F4C5-43A4-B9C1-5548CF3B7510}.Release|iPhoneSimulator.ActiveCfg = Release|Any CPU
		{B34272A2-F4C5-43A4-B9C1-5548CF3B7510}.Release|iPhoneSimulator.Build.0 = Release|Any CPU
		{B34272A2-F4C5-43A4-B9C1-5548CF3B7510}.Release|iPhoneSimulator.Deploy.0 = Release|Any CPU
		{B34272A2-F4C5-43A4-B9C1-5548CF3B7510}.Release|x64.ActiveCfg = Release|Any CPU
		{B34272A2-F4C5-43A4-B9C1-5548CF3B7510}.Release|x64.Build.0 = Release|Any CPU
		{B34272A2-F4C5-43A4-B9C1-5548CF3B7510}.Release|x64.Deploy.0 = Release|Any CPU
		{B34272A2-F4C5-43A4-B9C1-5548CF3B7510}.Release|x86.ActiveCfg = Release|Any CPU
		{B34272A2-F4C5-43A4-B9C1-5548CF3B7510}.Release|x86.Build.0 = Release|Any CPU
		{B34272A2-F4C5-43A4-B9C1-5548CF3B7510}.Release|x86.Deploy.0 = Release|Any CPU
		{AC7C12C3-76A8-487F-9866-0FA5DFF0AE1E}.Ad-Hoc|Any CPU.ActiveCfg = Ad-Hoc|iPhone
		{AC7C12C3-76A8-487F-9866-0FA5DFF0AE1E}.Ad-Hoc|Any CPU.Build.0 = Ad-Hoc|iPhone
		{AC7C12C3-76A8-487F-9866-0FA5DFF0AE1E}.Ad-Hoc|Any CPU.Deploy.0 = Ad-Hoc|iPhone
		{AC7C12C3-76A8-487F-9866-0FA5DFF0AE1E}.Ad-Hoc|ARM.ActiveCfg = Ad-Hoc|iPhone
		{AC7C12C3-76A8-487F-9866-0FA5DFF0AE1E}.Ad-Hoc|ARM.Build.0 = Ad-Hoc|iPhone
		{AC7C12C3-76A8-487F-9866-0FA5DFF0AE1E}.Ad-Hoc|ARM.Deploy.0 = Ad-Hoc|iPhone
		{AC7C12C3-76A8-487F-9866-0FA5DFF0AE1E}.Ad-Hoc|iPhone.ActiveCfg = Ad-Hoc|iPhone
		{AC7C12C3-76A8-487F-9866-0FA5DFF0AE1E}.Ad-Hoc|iPhone.Build.0 = Ad-Hoc|iPhone
		{AC7C12C3-76A8-487F-9866-0FA5DFF0AE1E}.Ad-Hoc|iPhone.Deploy.0 = Ad-Hoc|iPhone
		{AC7C12C3-76A8-487F-9866-0FA5DFF0AE1E}.Ad-Hoc|iPhoneSimulator.ActiveCfg = Ad-Hoc|iPhoneSimulator
		{AC7C12C3-76A8-487F-9866-0FA5DFF0AE1E}.Ad-Hoc|iPhoneSimulator.Build.0 = Ad-Hoc|iPhoneSimulator
		{AC7C12C3-76A8-487F-9866-0FA5DFF0AE1E}.Ad-Hoc|iPhoneSimulator.Deploy.0 = Ad-Hoc|iPhoneSimulator
		{AC7C12C3-76A8-487F-9866-0FA5DFF0AE1E}.Ad-Hoc|x64.ActiveCfg = Ad-Hoc|iPhone
		{AC7C12C3-76A8-487F-9866-0FA5DFF0AE1E}.Ad-Hoc|x64.Build.0 = Ad-Hoc|iPhone
		{AC7C12C3-76A8-487F-9866-0FA5DFF0AE1E}.Ad-Hoc|x64.Deploy.0 = Ad-Hoc|iPhone
		{AC7C12C3-76A8-487F-9866-0FA5DFF0AE1E}.Ad-Hoc|x86.ActiveCfg = Ad-Hoc|iPhone
		{AC7C12C3-76A8-487F-9866-0FA5DFF0AE1E}.Ad-Hoc|x86.Build.0 = Ad-Hoc|iPhone
		{AC7C12C3-76A8-487F-9866-0FA5DFF0AE1E}.Ad-Hoc|x86.Deploy.0 = Ad-Hoc|iPhone
		{AC7C12C3-76A8-487F-9866-0FA5DFF0AE1E}.AppStore|Any CPU.ActiveCfg = AppStore|iPhone
		{AC7C12C3-76A8-487F-9866-0FA5DFF0AE1E}.AppStore|Any CPU.Build.0 = AppStore|iPhone
		{AC7C12C3-76A8-487F-9866-0FA5DFF0AE1E}.AppStore|Any CPU.Deploy.0 = AppStore|iPhone
		{AC7C12C3-76A8-487F-9866-0FA5DFF0AE1E}.AppStore|ARM.ActiveCfg = AppStore|iPhone
		{AC7C12C3-76A8-487F-9866-0FA5DFF0AE1E}.AppStore|ARM.Build.0 = AppStore|iPhone
		{AC7C12C3-76A8-487F-9866-0FA5DFF0AE1E}.AppStore|ARM.Deploy.0 = AppStore|iPhone
		{AC7C12C3-76A8-487F-9866-0FA5DFF0AE1E}.AppStore|iPhone.ActiveCfg = AppStore|iPhone
		{AC7C12C3-76A8-487F-9866-0FA5DFF0AE1E}.AppStore|iPhone.Build.0 = AppStore|iPhone
		{AC7C12C3-76A8-487F-9866-0FA5DFF0AE1E}.AppStore|iPhone.Deploy.0 = AppStore|iPhone
		{AC7C12C3-76A8-487F-9866-0FA5DFF0AE1E}.AppStore|iPhoneSimulator.ActiveCfg = AppStore|iPhoneSimulator
		{AC7C12C3-76A8-487F-9866-0FA5DFF0AE1E}.AppStore|iPhoneSimulator.Build.0 = AppStore|iPhoneSimulator
		{AC7C12C3-76A8-487F-9866-0FA5DFF0AE1E}.AppStore|iPhoneSimulator.Deploy.0 = AppStore|iPhoneSimulator
		{AC7C12C3-76A8-487F-9866-0FA5DFF0AE1E}.AppStore|x64.ActiveCfg = AppStore|iPhone
		{AC7C12C3-76A8-487F-9866-0FA5DFF0AE1E}.AppStore|x64.Build.0 = AppStore|iPhone
		{AC7C12C3-76A8-487F-9866-0FA5DFF0AE1E}.AppStore|x64.Deploy.0 = AppStore|iPhone
		{AC7C12C3-76A8-487F-9866-0FA5DFF0AE1E}.AppStore|x86.ActiveCfg = AppStore|iPhone
		{AC7C12C3-76A8-487F-9866-0FA5DFF0AE1E}.AppStore|x86.Build.0 = AppStore|iPhone
		{AC7C12C3-76A8-487F-9866-0FA5DFF0AE1E}.AppStore|x86.Deploy.0 = AppStore|iPhone
		{AC7C12C3-76A8-487F-9866-0FA5DFF0AE1E}.Debug|Any CPU.ActiveCfg = Debug|iPhoneSimulator
		{AC7C12C3-76A8-487F-9866-0FA5DFF0AE1E}.Debug|Any CPU.Build.0 = Debug|iPhoneSimulator
		{AC7C12C3-76A8-487F-9866-0FA5DFF0AE1E}.Debug|Any CPU.Deploy.0 = Debug|iPhoneSimulator
		{AC7C12C3-76A8-487F-9866-0FA5DFF0AE1E}.Debug|ARM.ActiveCfg = Debug|iPhone
		{AC7C12C3-76A8-487F-9866-0FA5DFF0AE1E}.Debug|ARM.Build.0 = Debug|iPhone
		{AC7C12C3-76A8-487F-9866-0FA5DFF0AE1E}.Debug|ARM.Deploy.0 = Debug|iPhone
		{AC7C12C3-76A8-487F-9866-0FA5DFF0AE1E}.Debug|iPhone.ActiveCfg = Debug|iPhone
		{AC7C12C3-76A8-487F-9866-0FA5DFF0AE1E}.Debug|iPhone.Build.0 = Debug|iPhone
		{AC7C12C3-76A8-487F-9866-0FA5DFF0AE1E}.Debug|iPhone.Deploy.0 = Debug|iPhone
		{AC7C12C3-76A8-487F-9866-0FA5DFF0AE1E}.Debug|iPhoneSimulator.ActiveCfg = Debug|iPhoneSimulator
		{AC7C12C3-76A8-487F-9866-0FA5DFF0AE1E}.Debug|iPhoneSimulator.Build.0 = Debug|iPhoneSimulator
		{AC7C12C3-76A8-487F-9866-0FA5DFF0AE1E}.Debug|iPhoneSimulator.Deploy.0 = Debug|iPhoneSimulator
		{AC7C12C3-76A8-487F-9866-0FA5DFF0AE1E}.Debug|x64.ActiveCfg = Debug|iPhone
		{AC7C12C3-76A8-487F-9866-0FA5DFF0AE1E}.Debug|x64.Build.0 = Debug|iPhone
		{AC7C12C3-76A8-487F-9866-0FA5DFF0AE1E}.Debug|x64.Deploy.0 = Debug|iPhone
		{AC7C12C3-76A8-487F-9866-0FA5DFF0AE1E}.Debug|x86.ActiveCfg = Debug|iPhone
		{AC7C12C3-76A8-487F-9866-0FA5DFF0AE1E}.Debug|x86.Build.0 = Debug|iPhone
		{AC7C12C3-76A8-487F-9866-0FA5DFF0AE1E}.Debug|x86.Deploy.0 = Debug|iPhone
		{AC7C12C3-76A8-487F-9866-0FA5DFF0AE1E}.Release|Any CPU.ActiveCfg = Release|iPhone
		{AC7C12C3-76A8-487F-9866-0FA5DFF0AE1E}.Release|Any CPU.Build.0 = Release|iPhone
		{AC7C12C3-76A8-487F-9866-0FA5DFF0AE1E}.Release|Any CPU.Deploy.0 = Release|iPhone
		{AC7C12C3-76A8-487F-9866-0FA5DFF0AE1E}.Release|ARM.ActiveCfg = Release|iPhone
		{AC7C12C3-76A8-487F-9866-0FA5DFF0AE1E}.Release|ARM.Build.0 = Release|iPhone
		{AC7C12C3-76A8-487F-9866-0FA5DFF0AE1E}.Release|ARM.Deploy.0 = Release|iPhone
		{AC7C12C3-76A8-487F-9866-0FA5DFF0AE1E}.Release|iPhone.ActiveCfg = Release|iPhone
		{AC7C12C3-76A8-487F-9866-0FA5DFF0AE1E}.Release|iPhone.Build.0 = Release|iPhone
		{AC7C12C3-76A8-487F-9866-0FA5DFF0AE1E}.Release|iPhone.Deploy.0 = Release|iPhone
		{AC7C12C3-76A8-487F-9866-0FA5DFF0AE1E}.Release|iPhoneSimulator.ActiveCfg = Release|iPhoneSimulator
		{AC7C12C3-76A8-487F-9866-0FA5DFF0AE1E}.Release|iPhoneSimulator.Build.0 = Release|iPhoneSimulator
		{AC7C12C3-76A8-487F-9866-0FA5DFF0AE1E}.Release|iPhoneSimulator.Deploy.0 = Release|iPhoneSimulator
		{AC7C12C3-76A8-487F-9866-0FA5DFF0AE1E}.Release|x64.ActiveCfg = Release|iPhone
		{AC7C12C3-76A8-487F-9866-0FA5DFF0AE1E}.Release|x64.Build.0 = Release|iPhone
		{AC7C12C3-76A8-487F-9866-0FA5DFF0AE1E}.Release|x64.Deploy.0 = Release|iPhone
		{AC7C12C3-76A8-487F-9866-0FA5DFF0AE1E}.Release|x86.ActiveCfg = Release|iPhone
		{AC7C12C3-76A8-487F-9866-0FA5DFF0AE1E}.Release|x86.Build.0 = Release|iPhone
		{AC7C12C3-76A8-487F-9866-0FA5DFF0AE1E}.Release|x86.Deploy.0 = Release|iPhone
		{BE372AB1-7BF5-4793-A1F0-78AF9C2A2DF5}.Ad-Hoc|Any CPU.ActiveCfg = Debug|Any CPU
		{BE372AB1-7BF5-4793-A1F0-78AF9C2A2DF5}.Ad-Hoc|Any CPU.Build.0 = Debug|Any CPU
		{BE372AB1-7BF5-4793-A1F0-78AF9C2A2DF5}.Ad-Hoc|Any CPU.Deploy.0 = Debug|Any CPU
		{BE372AB1-7BF5-4793-A1F0-78AF9C2A2DF5}.Ad-Hoc|ARM.ActiveCfg = Debug|Any CPU
		{BE372AB1-7BF5-4793-A1F0-78AF9C2A2DF5}.Ad-Hoc|ARM.Build.0 = Debug|Any CPU
		{BE372AB1-7BF5-4793-A1F0-78AF9C2A2DF5}.Ad-Hoc|ARM.Deploy.0 = Debug|Any CPU
		{BE372AB1-7BF5-4793-A1F0-78AF9C2A2DF5}.Ad-Hoc|iPhone.ActiveCfg = Debug|Any CPU
		{BE372AB1-7BF5-4793-A1F0-78AF9C2A2DF5}.Ad-Hoc|iPhone.Build.0 = Debug|Any CPU
		{BE372AB1-7BF5-4793-A1F0-78AF9C2A2DF5}.Ad-Hoc|iPhone.Deploy.0 = Debug|Any CPU
		{BE372AB1-7BF5-4793-A1F0-78AF9C2A2DF5}.Ad-Hoc|iPhoneSimulator.ActiveCfg = Debug|Any CPU
		{BE372AB1-7BF5-4793-A1F0-78AF9C2A2DF5}.Ad-Hoc|iPhoneSimulator.Build.0 = Debug|Any CPU
		{BE372AB1-7BF5-4793-A1F0-78AF9C2A2DF5}.Ad-Hoc|iPhoneSimulator.Deploy.0 = Debug|Any CPU
		{BE372AB1-7BF5-4793-A1F0-78AF9C2A2DF5}.Ad-Hoc|x64.ActiveCfg = Debug|Any CPU
		{BE372AB1-7BF5-4793-A1F0-78AF9C2A2DF5}.Ad-Hoc|x64.Build.0 = Debug|Any CPU
		{BE372AB1-7BF5-4793-A1F0-78AF9C2A2DF5}.Ad-Hoc|x64.Deploy.0 = Debug|Any CPU
		{BE372AB1-7BF5-4793-A1F0-78AF9C2A2DF5}.Ad-Hoc|x86.ActiveCfg = Debug|Any CPU
		{BE372AB1-7BF5-4793-A1F0-78AF9C2A2DF5}.Ad-Hoc|x86.Build.0 = Debug|Any CPU
		{BE372AB1-7BF5-4793-A1F0-78AF9C2A2DF5}.Ad-Hoc|x86.Deploy.0 = Debug|Any CPU
		{BE372AB1-7BF5-4793-A1F0-78AF9C2A2DF5}.AppStore|Any CPU.ActiveCfg = Debug|Any CPU
		{BE372AB1-7BF5-4793-A1F0-78AF9C2A2DF5}.AppStore|Any CPU.Build.0 = Debug|Any CPU
		{BE372AB1-7BF5-4793-A1F0-78AF9C2A2DF5}.AppStore|Any CPU.Deploy.0 = Debug|Any CPU
		{BE372AB1-7BF5-4793-A1F0-78AF9C2A2DF5}.AppStore|ARM.ActiveCfg = Debug|Any CPU
		{BE372AB1-7BF5-4793-A1F0-78AF9C2A2DF5}.AppStore|ARM.Build.0 = Debug|Any CPU
		{BE372AB1-7BF5-4793-A1F0-78AF9C2A2DF5}.AppStore|ARM.Deploy.0 = Debug|Any CPU
		{BE372AB1-7BF5-4793-A1F0-78AF9C2A2DF5}.AppStore|iPhone.ActiveCfg = Debug|Any CPU
		{BE372AB1-7BF5-4793-A1F0-78AF9C2A2DF5}.AppStore|iPhone.Build.0 = Debug|Any CPU
		{BE372AB1-7BF5-4793-A1F0-78AF9C2A2DF5}.AppStore|iPhone.Deploy.0 = Debug|Any CPU
		{BE372AB1-7BF5-4793-A1F0-78AF9C2A2DF5}.AppStore|iPhoneSimulator.ActiveCfg = Debug|Any CPU
		{BE372AB1-7BF5-4793-A1F0-78AF9C2A2DF5}.AppStore|iPhoneSimulator.Build.0 = Debug|Any CPU
		{BE372AB1-7BF5-4793-A1F0-78AF9C2A2DF5}.AppStore|iPhoneSimulator.Deploy.0 = Debug|Any CPU
		{BE372AB1-7BF5-4793-A1F0-78AF9C2A2DF5}.AppStore|x64.ActiveCfg = Debug|Any CPU
		{BE372AB1-7BF5-4793-A1F0-78AF9C2A2DF5}.AppStore|x64.Build.0 = Debug|Any CPU
		{BE372AB1-7BF5-4793-A1F0-78AF9C2A2DF5}.AppStore|x64.Deploy.0 = Debug|Any CPU
		{BE372AB1-7BF5-4793-A1F0-78AF9C2A2DF5}.AppStore|x86.ActiveCfg = Debug|Any CPU
		{BE372AB1-7BF5-4793-A1F0-78AF9C2A2DF5}.AppStore|x86.Build.0 = Debug|Any CPU
		{BE372AB1-7BF5-4793-A1F0-78AF9C2A2DF5}.AppStore|x86.Deploy.0 = Debug|Any CPU
		{BE372AB1-7BF5-4793-A1F0-78AF9C2A2DF5}.Debug|Any CPU.ActiveCfg = Debug|Any CPU
		{BE372AB1-7BF5-4793-A1F0-78AF9C2A2DF5}.Debug|Any CPU.Build.0 = Debug|Any CPU
		{BE372AB1-7BF5-4793-A1F0-78AF9C2A2DF5}.Debug|Any CPU.Deploy.0 = Debug|Any CPU
		{BE372AB1-7BF5-4793-A1F0-78AF9C2A2DF5}.Debug|ARM.ActiveCfg = Debug|Any CPU
		{BE372AB1-7BF5-4793-A1F0-78AF9C2A2DF5}.Debug|ARM.Build.0 = Debug|Any CPU
		{BE372AB1-7BF5-4793-A1F0-78AF9C2A2DF5}.Debug|ARM.Deploy.0 = Debug|Any CPU
		{BE372AB1-7BF5-4793-A1F0-78AF9C2A2DF5}.Debug|iPhone.ActiveCfg = Debug|Any CPU
		{BE372AB1-7BF5-4793-A1F0-78AF9C2A2DF5}.Debug|iPhone.Build.0 = Debug|Any CPU
		{BE372AB1-7BF5-4793-A1F0-78AF9C2A2DF5}.Debug|iPhone.Deploy.0 = Debug|Any CPU
		{BE372AB1-7BF5-4793-A1F0-78AF9C2A2DF5}.Debug|iPhoneSimulator.ActiveCfg = Debug|Any CPU
		{BE372AB1-7BF5-4793-A1F0-78AF9C2A2DF5}.Debug|iPhoneSimulator.Build.0 = Debug|Any CPU
		{BE372AB1-7BF5-4793-A1F0-78AF9C2A2DF5}.Debug|iPhoneSimulator.Deploy.0 = Debug|Any CPU
		{BE372AB1-7BF5-4793-A1F0-78AF9C2A2DF5}.Debug|x64.ActiveCfg = Debug|Any CPU
		{BE372AB1-7BF5-4793-A1F0-78AF9C2A2DF5}.Debug|x64.Build.0 = Debug|Any CPU
		{BE372AB1-7BF5-4793-A1F0-78AF9C2A2DF5}.Debug|x64.Deploy.0 = Debug|Any CPU
		{BE372AB1-7BF5-4793-A1F0-78AF9C2A2DF5}.Debug|x86.ActiveCfg = Debug|Any CPU
		{BE372AB1-7BF5-4793-A1F0-78AF9C2A2DF5}.Debug|x86.Build.0 = Debug|Any CPU
		{BE372AB1-7BF5-4793-A1F0-78AF9C2A2DF5}.Debug|x86.Deploy.0 = Debug|Any CPU
		{BE372AB1-7BF5-4793-A1F0-78AF9C2A2DF5}.Release|Any CPU.ActiveCfg = Release|Any CPU
		{BE372AB1-7BF5-4793-A1F0-78AF9C2A2DF5}.Release|Any CPU.Build.0 = Release|Any CPU
		{BE372AB1-7BF5-4793-A1F0-78AF9C2A2DF5}.Release|Any CPU.Deploy.0 = Release|Any CPU
		{BE372AB1-7BF5-4793-A1F0-78AF9C2A2DF5}.Release|ARM.ActiveCfg = Release|Any CPU
		{BE372AB1-7BF5-4793-A1F0-78AF9C2A2DF5}.Release|ARM.Build.0 = Release|Any CPU
		{BE372AB1-7BF5-4793-A1F0-78AF9C2A2DF5}.Release|ARM.Deploy.0 = Release|Any CPU
		{BE372AB1-7BF5-4793-A1F0-78AF9C2A2DF5}.Release|iPhone.ActiveCfg = Release|Any CPU
		{BE372AB1-7BF5-4793-A1F0-78AF9C2A2DF5}.Release|iPhone.Build.0 = Release|Any CPU
		{BE372AB1-7BF5-4793-A1F0-78AF9C2A2DF5}.Release|iPhone.Deploy.0 = Release|Any CPU
		{BE372AB1-7BF5-4793-A1F0-78AF9C2A2DF5}.Release|iPhoneSimulator.ActiveCfg = Release|Any CPU
		{BE372AB1-7BF5-4793-A1F0-78AF9C2A2DF5}.Release|iPhoneSimulator.Build.0 = Release|Any CPU
		{BE372AB1-7BF5-4793-A1F0-78AF9C2A2DF5}.Release|iPhoneSimulator.Deploy.0 = Release|Any CPU
		{BE372AB1-7BF5-4793-A1F0-78AF9C2A2DF5}.Release|x64.ActiveCfg = Release|Any CPU
		{BE372AB1-7BF5-4793-A1F0-78AF9C2A2DF5}.Release|x64.Build.0 = Release|Any CPU
		{BE372AB1-7BF5-4793-A1F0-78AF9C2A2DF5}.Release|x64.Deploy.0 = Release|Any CPU
		{BE372AB1-7BF5-4793-A1F0-78AF9C2A2DF5}.Release|x86.ActiveCfg = Release|Any CPU
		{BE372AB1-7BF5-4793-A1F0-78AF9C2A2DF5}.Release|x86.Build.0 = Release|Any CPU
		{BE372AB1-7BF5-4793-A1F0-78AF9C2A2DF5}.Release|x86.Deploy.0 = Release|Any CPU
		{D3DBF0C8-F26F-46B5-8DFA-03E5CBA17202}.Ad-Hoc|Any CPU.ActiveCfg = Release|Any CPU
		{D3DBF0C8-F26F-46B5-8DFA-03E5CBA17202}.Ad-Hoc|Any CPU.Build.0 = Release|Any CPU
		{D3DBF0C8-F26F-46B5-8DFA-03E5CBA17202}.Ad-Hoc|ARM.ActiveCfg = Release|Any CPU
		{D3DBF0C8-F26F-46B5-8DFA-03E5CBA17202}.Ad-Hoc|ARM.Build.0 = Release|Any CPU
		{D3DBF0C8-F26F-46B5-8DFA-03E5CBA17202}.Ad-Hoc|iPhone.ActiveCfg = Release|Any CPU
		{D3DBF0C8-F26F-46B5-8DFA-03E5CBA17202}.Ad-Hoc|iPhone.Build.0 = Release|Any CPU
		{D3DBF0C8-F26F-46B5-8DFA-03E5CBA17202}.Ad-Hoc|iPhoneSimulator.ActiveCfg = Release|Any CPU
		{D3DBF0C8-F26F-46B5-8DFA-03E5CBA17202}.Ad-Hoc|iPhoneSimulator.Build.0 = Release|Any CPU
		{D3DBF0C8-F26F-46B5-8DFA-03E5CBA17202}.Ad-Hoc|x64.ActiveCfg = Release|Any CPU
		{D3DBF0C8-F26F-46B5-8DFA-03E5CBA17202}.Ad-Hoc|x64.Build.0 = Release|Any CPU
		{D3DBF0C8-F26F-46B5-8DFA-03E5CBA17202}.Ad-Hoc|x86.ActiveCfg = Release|Any CPU
		{D3DBF0C8-F26F-46B5-8DFA-03E5CBA17202}.Ad-Hoc|x86.Build.0 = Release|Any CPU
		{D3DBF0C8-F26F-46B5-8DFA-03E5CBA17202}.AppStore|Any CPU.ActiveCfg = Release|Any CPU
		{D3DBF0C8-F26F-46B5-8DFA-03E5CBA17202}.AppStore|Any CPU.Build.0 = Release|Any CPU
		{D3DBF0C8-F26F-46B5-8DFA-03E5CBA17202}.AppStore|ARM.ActiveCfg = Release|Any CPU
		{D3DBF0C8-F26F-46B5-8DFA-03E5CBA17202}.AppStore|ARM.Build.0 = Release|Any CPU
		{D3DBF0C8-F26F-46B5-8DFA-03E5CBA17202}.AppStore|iPhone.ActiveCfg = Release|Any CPU
		{D3DBF0C8-F26F-46B5-8DFA-03E5CBA17202}.AppStore|iPhone.Build.0 = Release|Any CPU
		{D3DBF0C8-F26F-46B5-8DFA-03E5CBA17202}.AppStore|iPhoneSimulator.ActiveCfg = Release|Any CPU
		{D3DBF0C8-F26F-46B5-8DFA-03E5CBA17202}.AppStore|iPhoneSimulator.Build.0 = Release|Any CPU
		{D3DBF0C8-F26F-46B5-8DFA-03E5CBA17202}.AppStore|x64.ActiveCfg = Release|Any CPU
		{D3DBF0C8-F26F-46B5-8DFA-03E5CBA17202}.AppStore|x64.Build.0 = Release|Any CPU
		{D3DBF0C8-F26F-46B5-8DFA-03E5CBA17202}.AppStore|x86.ActiveCfg = Release|Any CPU
		{D3DBF0C8-F26F-46B5-8DFA-03E5CBA17202}.AppStore|x86.Build.0 = Release|Any CPU
		{D3DBF0C8-F26F-46B5-8DFA-03E5CBA17202}.Debug|Any CPU.ActiveCfg = Debug|Any CPU
		{D3DBF0C8-F26F-46B5-8DFA-03E5CBA17202}.Debug|Any CPU.Build.0 = Debug|Any CPU
		{D3DBF0C8-F26F-46B5-8DFA-03E5CBA17202}.Debug|ARM.ActiveCfg = Debug|Any CPU
		{D3DBF0C8-F26F-46B5-8DFA-03E5CBA17202}.Debug|ARM.Build.0 = Debug|Any CPU
		{D3DBF0C8-F26F-46B5-8DFA-03E5CBA17202}.Debug|iPhone.ActiveCfg = Debug|Any CPU
		{D3DBF0C8-F26F-46B5-8DFA-03E5CBA17202}.Debug|iPhone.Build.0 = Debug|Any CPU
		{D3DBF0C8-F26F-46B5-8DFA-03E5CBA17202}.Debug|iPhoneSimulator.ActiveCfg = Debug|Any CPU
		{D3DBF0C8-F26F-46B5-8DFA-03E5CBA17202}.Debug|iPhoneSimulator.Build.0 = Debug|Any CPU
		{D3DBF0C8-F26F-46B5-8DFA-03E5CBA17202}.Debug|x64.ActiveCfg = Debug|Any CPU
		{D3DBF0C8-F26F-46B5-8DFA-03E5CBA17202}.Debug|x64.Build.0 = Debug|Any CPU
		{D3DBF0C8-F26F-46B5-8DFA-03E5CBA17202}.Debug|x86.ActiveCfg = Debug|Any CPU
		{D3DBF0C8-F26F-46B5-8DFA-03E5CBA17202}.Debug|x86.Build.0 = Debug|Any CPU
		{D3DBF0C8-F26F-46B5-8DFA-03E5CBA17202}.Release|Any CPU.ActiveCfg = Release|Any CPU
		{D3DBF0C8-F26F-46B5-8DFA-03E5CBA17202}.Release|Any CPU.Build.0 = Release|Any CPU
		{D3DBF0C8-F26F-46B5-8DFA-03E5CBA17202}.Release|ARM.ActiveCfg = Release|Any CPU
		{D3DBF0C8-F26F-46B5-8DFA-03E5CBA17202}.Release|ARM.Build.0 = Release|Any CPU
		{D3DBF0C8-F26F-46B5-8DFA-03E5CBA17202}.Release|iPhone.ActiveCfg = Release|Any CPU
		{D3DBF0C8-F26F-46B5-8DFA-03E5CBA17202}.Release|iPhone.Build.0 = Release|Any CPU
		{D3DBF0C8-F26F-46B5-8DFA-03E5CBA17202}.Release|iPhoneSimulator.ActiveCfg = Release|Any CPU
		{D3DBF0C8-F26F-46B5-8DFA-03E5CBA17202}.Release|iPhoneSimulator.Build.0 = Release|Any CPU
		{D3DBF0C8-F26F-46B5-8DFA-03E5CBA17202}.Release|x64.ActiveCfg = Release|Any CPU
		{D3DBF0C8-F26F-46B5-8DFA-03E5CBA17202}.Release|x64.Build.0 = Release|Any CPU
		{D3DBF0C8-F26F-46B5-8DFA-03E5CBA17202}.Release|x86.ActiveCfg = Release|Any CPU
		{D3DBF0C8-F26F-46B5-8DFA-03E5CBA17202}.Release|x86.Build.0 = Release|Any CPU
	EndGlobalSection
	GlobalSection(SolutionProperties) = preSolution
		HideSolutionNode = FALSE
	EndGlobalSection
	GlobalSection(ExtensibilityGlobals) = postSolution
		SolutionGuid = {F23871DB-F163-4E1E-9134-F11D47FB3847}
	EndGlobalSection
EndGlobal
